
Microsoft Visual Studio Solution File, Format Version 12.00
# Visual Studio 15
VisualStudioVersion = 15.0.27130.2010
MinimumVisualStudioVersion = 10.0.40219.1
Project("{FAE04EC0-301F-11D3-BF4B-00C04F79EFBC}") = "Csharp", "Csharp\Csharp.csproj", "{7D133F85-8B29-41CF-9141-E4CF11A255E9}"
EndProject
Global
	GlobalSection(SolutionConfigurationPlatforms) = preSolution
		Debug|Any CPU = Debug|Any CPU
		Release|Any CPU = Release|Any CPU
	EndGlobalSection
	GlobalSection(ProjectConfigurationPlatforms) = postSolution
		{7D133F85-8B29-41CF-9141-E4CF11A255E9}.Debug|Any CPU.ActiveCfg = Debug|Any CPU
		{7D133F85-8B29-41CF-9141-E4CF11A255E9}.Debug|Any CPU.Build.0 = Debug|Any CPU
		{7D133F85-8B29-41CF-9141-E4CF11A255E9}.Release|Any CPU.ActiveCfg = Release|Any CPU
		{7D133F85-8B29-41CF-9141-E4CF11A255E9}.Release|Any CPU.Build.0 = Release|Any CPU
	EndGlobalSection
	GlobalSection(SolutionProperties) = preSolution
		HideSolutionNode = FALSE
	EndGlobalSection
	GlobalSection(ExtensibilityGlobals) = postSolution
		SolutionGuid = {F6AF978B-41FC-417F-A565-30E63FA2AE9A}
	EndGlobalSection
EndGlobal
